
Microsoft Visual Studio Solution File, Format Version 12.00
# Visual Studio 15
VisualStudioVersion = 15.0.28307.539
MinimumVisualStudioVersion = 10.0.40219.1
Project("{8BC9CEB8-8B4A-11D0-8D11-00A0C91BC942}") = "OpenCVBridge", "OpenCVBridge\OpenCVBridge.vcxproj", "{F3FE10BF-384D-4F64-9124-DE0591DD453B}"
EndProject
Project("{FAE04EC0-301F-11D3-BF4B-00C04F79EFBC}") = "AutoPadInu_UWP", "AutoPadInu\AutoPadInu_UWP.csproj", "{97423899-EF2C-4244-9FE3-E018A7D0A38B}"
EndProject
Project("{8BC9CEB8-8B4A-11D0-8D11-00A0C91BC942}") = "PuzzDraSolver", "PuzzDraSolver\PuzzDraSolver.vcxproj", "{80E2447F-B66C-456A-95B4-5AAC5F53A212}"
EndProject
Global
	GlobalSection(SolutionConfigurationPlatforms) = preSolution
		Debug|Any CPU = Debug|Any CPU
		Debug|ARM = Debug|ARM
		Debug|ARM64 = Debug|ARM64
		Debug|x64 = Debug|x64
		Debug|x86 = Debug|x86
		Release|Any CPU = Release|Any CPU
		Release|ARM = Release|ARM
		Release|ARM64 = Release|ARM64
		Release|x64 = Release|x64
		Release|x86 = Release|x86
	EndGlobalSection
	GlobalSection(ProjectConfigurationPlatforms) = postSolution
		{F3FE10BF-384D-4F64-9124-DE0591DD453B}.Debug|Any CPU.ActiveCfg = Debug|Win32
		{F3FE10BF-384D-4F64-9124-DE0591DD453B}.Debug|ARM.ActiveCfg = Debug|ARM
		{F3FE10BF-384D-4F64-9124-DE0591DD453B}.Debug|ARM.Build.0 = Debug|ARM
		{F3FE10BF-384D-4F64-9124-DE0591DD453B}.Debug|ARM64.ActiveCfg = Debug|ARM64
		{F3FE10BF-384D-4F64-9124-DE0591DD453B}.Debug|ARM64.Build.0 = Debug|ARM64
		{F3FE10BF-384D-4F64-9124-DE0591DD453B}.Debug|x64.ActiveCfg = Debug|x64
		{F3FE10BF-384D-4F64-9124-DE0591DD453B}.Debug|x64.Build.0 = Debug|x64
		{F3FE10BF-384D-4F64-9124-DE0591DD453B}.Debug|x86.ActiveCfg = Debug|Win32
		{F3FE10BF-384D-4F64-9124-DE0591DD453B}.Debug|x86.Build.0 = Debug|Win32
		{F3FE10BF-384D-4F64-9124-DE0591DD453B}.Release|Any CPU.ActiveCfg = Release|Win32
		{F3FE10BF-384D-4F64-9124-DE0591DD453B}.Release|ARM.ActiveCfg = Release|ARM
		{F3FE10BF-384D-4F64-9124-DE0591DD453B}.Release|ARM.Build.0 = Release|ARM
		{F3FE10BF-384D-4F64-9124-DE0591DD453B}.Release|ARM64.ActiveCfg = Release|ARM64
		{F3FE10BF-384D-4F64-9124-DE0591DD453B}.Release|ARM64.Build.0 = Release|ARM64
		{F3FE10BF-384D-4F64-9124-DE0591DD453B}.Release|x64.ActiveCfg = Release|x64
		{F3FE10BF-384D-4F64-9124-DE0591DD453B}.Release|x64.Build.0 = Release|x64
		{F3FE10BF-384D-4F64-9124-DE0591DD453B}.Release|x86.ActiveCfg = Release|Win32
		{F3FE10BF-384D-4F64-9124-DE0591DD453B}.Release|x86.Build.0 = Release|Win32
		{97423899-EF2C-4244-9FE3-E018A7D0A38B}.Debug|Any CPU.ActiveCfg = Debug|x86
		{97423899-EF2C-4244-9FE3-E018A7D0A38B}.Debug|ARM.ActiveCfg = Debug|ARM
		{97423899-EF2C-4244-9FE3-E018A7D0A38B}.Debug|ARM.Build.0 = Debug|ARM
		{97423899-EF2C-4244-9FE3-E018A7D0A38B}.Debug|ARM.Deploy.0 = Debug|ARM
		{97423899-EF2C-4244-9FE3-E018A7D0A38B}.Debug|ARM64.ActiveCfg = Debug|ARM64
		{97423899-EF2C-4244-9FE3-E018A7D0A38B}.Debug|ARM64.Build.0 = Debug|ARM64
		{97423899-EF2C-4244-9FE3-E018A7D0A38B}.Debug|ARM64.Deploy.0 = Debug|ARM64
		{97423899-EF2C-4244-9FE3-E018A7D0A38B}.Debug|x64.ActiveCfg = Debug|x64
		{97423899-EF2C-4244-9FE3-E018A7D0A38B}.Debug|x64.Build.0 = Debug|x64
		{97423899-EF2C-4244-9FE3-E018A7D0A38B}.Debug|x64.Deploy.0 = Debug|x64
		{97423899-EF2C-4244-9FE3-E018A7D0A38B}.Debug|x86.ActiveCfg = Debug|x86
		{97423899-EF2C-4244-9FE3-E018A7D0A38B}.Debug|x86.Build.0 = Debug|x86
		{97423899-EF2C-4244-9FE3-E018A7D0A38B}.Debug|x86.Deploy.0 = Debug|x86
		{97423899-EF2C-4244-9FE3-E018A7D0A38B}.Release|Any CPU.ActiveCfg = Release|x86
		{97423899-EF2C-4244-9FE3-E018A7D0A38B}.Release|ARM.ActiveCfg = Release|ARM
		{97423899-EF2C-4244-9FE3-E018A7D0A38B}.Release|ARM.Build.0 = Release|ARM
		{97423899-EF2C-4244-9FE3-E018A7D0A38B}.Release|ARM.Deploy.0 = Release|ARM
		{97423899-EF2C-4244-9FE3-E018A7D0A38B}.Release|ARM64.ActiveCfg = Release|ARM64
		{97423899-EF2C-4244-9FE3-E018A7D0A38B}.Release|ARM64.Build.0 = Release|ARM64
		{97423899-EF2C-4244-9FE3-E018A7D0A38B}.Release|ARM64.Deploy.0 = Release|ARM64
		{97423899-EF2C-4244-9FE3-E018A7D0A38B}.Release|x64.ActiveCfg = Release|x64
		{97423899-EF2C-4244-9FE3-E018A7D0A38B}.Release|x64.Build.0 = Release|x64
		{97423899-EF2C-4244-9FE3-E018A7D0A38B}.Release|x64.Deploy.0 = Release|x64
		{97423899-EF2C-4244-9FE3-E018A7D0A38B}.Release|x86.ActiveCfg = Release|x86
		{97423899-EF2C-4244-9FE3-E018A7D0A38B}.Release|x86.Build.0 = Release|x86
		{97423899-EF2C-4244-9FE3-E018A7D0A38B}.Release|x86.Deploy.0 = Release|x86
		{80E2447F-B66C-456A-95B4-5AAC5F53A212}.Debug|Any CPU.ActiveCfg = Debug|Win32
		{80E2447F-B66C-456A-95B4-5AAC5F53A212}.Debug|ARM.ActiveCfg = Debug|ARM
		{80E2447F-B66C-456A-95B4-5AAC5F53A212}.Debug|ARM.Build.0 = Debug|ARM
		{80E2447F-B66C-456A-95B4-5AAC5F53A212}.Debug|ARM64.ActiveCfg = Debug|ARM64
		{80E2447F-B66C-456A-95B4-5AAC5F53A212}.Debug|ARM64.Build.0 = Debug|ARM64
		{80E2447F-B66C-456A-95B4-5AAC5F53A212}.Debug|x64.ActiveCfg = Debug|x64
		{80E2447F-B66C-456A-95B4-5AAC5F53A212}.Debug|x64.Build.0 = Debug|x64
		{80E2447F-B66C-456A-95B4-5AAC5F53A212}.Debug|x86.ActiveCfg = Debug|Win32
		{80E2447F-B66C-456A-95B4-5AAC5F53A212}.Debug|x86.Build.0 = Debug|Win32
		{80E2447F-B66C-456A-95B4-5AAC5F53A212}.Release|Any CPU.ActiveCfg = Release|Win32
		{80E2447F-B66C-456A-95B4-5AAC5F53A212}.Release|ARM.ActiveCfg = Release|ARM
		{80E2447F-B66C-456A-95B4-5AAC5F53A212}.Release|ARM.Build.0 = Release|ARM
		{80E2447F-B66C-456A-95B4-5AAC5F53A212}.Release|ARM64.ActiveCfg = Release|ARM64
		{80E2447F-B66C-456A-95B4-5AAC5F53A212}.Release|ARM64.Build.0 = Release|ARM64
		{80E2447F-B66C-456A-95B4-5AAC5F53A212}.Release|x64.ActiveCfg = Release|x64
		{80E2447F-B66C-456A-95B4-5AAC5F53A212}.Release|x64.Build.0 = Release|x64
		{80E2447F-B66C-456A-95B4-5AAC5F53A212}.Release|x86.ActiveCfg = Release|Win32
		{80E2447F-B66C-456A-95B4-5AAC5F53A212}.Release|x86.Build.0 = Release|Win32
	EndGlobalSection
	GlobalSection(SolutionProperties) = preSolution
		HideSolutionNode = FALSE
	EndGlobalSection
	GlobalSection(ExtensibilityGlobals) = postSolution
		SolutionGuid = {F5545CB8-91FF-48C7-BCE0-FA6A422BDF4E}
	EndGlobalSection
EndGlobal
